{
    "requires": true,
    "lockfileVersion": 1,
    "dependencies": {
        "gridstack": {
            "version": "6.0.1",
            "resolved": "https://registry.npmjs.org/gridstack/-/gridstack-6.0.1.tgz",
            "integrity": "sha512-j7FbRbkYjMr/pKPHRkAx9j9N4q+3+v6UfPnIf0zM3CJtA1HOFxpTLHjnKtqvCGm0hdH0jSPuC9NmxlA4x/oXKg=="
        }
    }
}
